
Microsoft Visual Studio Solution File, Format Version 12.00
# Visual Studio 14
VisualStudioVersion = 14.0.25123.0
MinimumVisualStudioVersion = 10.0.40219.1
Project("{B93E169A-7D88-4AC8-8BA2-9AE6E2F2DBA8}") = "Sitecore.Support.141780", "Sitecore.Support.141780\Sitecore.Support.141780.csproj", "{3C075CDA-8FFF-44B8-A605-C919DA1F2878}"
EndProject
Global
	GlobalSection(SolutionConfigurationPlatforms) = preSolution
		Debug|Any CPU = Debug|Any CPU
		Release|Any CPU = Release|Any CPU
	EndGlobalSection
	GlobalSection(ProjectConfigurationPlatforms) = postSolution
		{3C075CDA-8FFF-44B8-A605-C919DA1F2878}.Debug|Any CPU.ActiveCfg = Debug|Any CPU
		{3C075CDA-8FFF-44B8-A605-C919DA1F2878}.Debug|Any CPU.Build.0 = Debug|Any CPU
		{3C075CDA-8FFF-44B8-A605-C919DA1F2878}.Release|Any CPU.ActiveCfg = Release|Any CPU
		{3C075CDA-8FFF-44B8-A605-C919DA1F2878}.Release|Any CPU.Build.0 = Release|Any CPU
	EndGlobalSection
	GlobalSection(SolutionProperties) = preSolution
		HideSolutionNode = FALSE
	EndGlobalSection
EndGlobal
